
Microsoft Visual Studio Solution File, Format Version 12.00
# Visual Studio Version 16
VisualStudioVersion = 16.0.30907.101
MinimumVisualStudioVersion = 10.0.40219.1
Project("{9A19103F-16F7-4668-BE54-9A1E7A4F7556}") = "Business", "Business\Business.csproj", "{10633A3D-DDF4-4FA4-8BF7-EE44720C5F69}"
EndProject
Project("{9A19103F-16F7-4668-BE54-9A1E7A4F7556}") = "DataAccess", "DataAccess\DataAccess.csproj", "{18ED4F73-4D6D-4C44-9EF2-014FE7E4632D}"
EndProject
Project("{9A19103F-16F7-4668-BE54-9A1E7A4F7556}") = "Entities", "Entities\Entities.csproj", "{0B6C0CC0-3B9F-46B3-B2D0-D0509D09A4B8}"
EndProject
Project("{9A19103F-16F7-4668-BE54-9A1E7A4F7556}") = "ConsoleUI", "ConsoleUI\ConsoleUI.csproj", "{1BC60395-2239-49CD-8C87-59AE766F8FA1}"
EndProject
Project("{FAE04EC0-301F-11D3-BF4B-00C04F79EFBC}") = "Core", "Core\Core.csproj", "{E9F95FD7-39C1-4406-AA99-123DD42F4671}"
EndProject
Global
	GlobalSection(SolutionConfigurationPlatforms) = preSolution
		Debug|Any CPU = Debug|Any CPU
		Release|Any CPU = Release|Any CPU
	EndGlobalSection
	GlobalSection(ProjectConfigurationPlatforms) = postSolution
		{10633A3D-DDF4-4FA4-8BF7-EE44720C5F69}.Debug|Any CPU.ActiveCfg = Debug|Any CPU
		{10633A3D-DDF4-4FA4-8BF7-EE44720C5F69}.Debug|Any CPU.Build.0 = Debug|Any CPU
		{10633A3D-DDF4-4FA4-8BF7-EE44720C5F69}.Release|Any CPU.ActiveCfg = Release|Any CPU
		{10633A3D-DDF4-4FA4-8BF7-EE44720C5F69}.Release|Any CPU.Build.0 = Release|Any CPU
		{18ED4F73-4D6D-4C44-9EF2-014FE7E4632D}.Debug|Any CPU.ActiveCfg = Debug|Any CPU
		{18ED4F73-4D6D-4C44-9EF2-014FE7E4632D}.Debug|Any CPU.Build.0 = Debug|Any CPU
		{18ED4F73-4D6D-4C44-9EF2-014FE7E4632D}.Release|Any CPU.ActiveCfg = Release|Any CPU
		{18ED4F73-4D6D-4C44-9EF2-014FE7E4632D}.Release|Any CPU.Build.0 = Release|Any CPU
		{0B6C0CC0-3B9F-46B3-B2D0-D0509D09A4B8}.Debug|Any CPU.ActiveCfg = Debug|Any CPU
		{0B6C0CC0-3B9F-46B3-B2D0-D0509D09A4B8}.Debug|Any CPU.Build.0 = Debug|Any CPU
		{0B6C0CC0-3B9F-46B3-B2D0-D0509D09A4B8}.Release|Any CPU.ActiveCfg = Release|Any CPU
		{0B6C0CC0-3B9F-46B3-B2D0-D0509D09A4B8}.Release|Any CPU.Build.0 = Release|Any CPU
		{1BC60395-2239-49CD-8C87-59AE766F8FA1}.Debug|Any CPU.ActiveCfg = Debug|Any CPU
		{1BC60395-2239-49CD-8C87-59AE766F8FA1}.Debug|Any CPU.Build.0 = Debug|Any CPU
		{1BC60395-2239-49CD-8C87-59AE766F8FA1}.Release|Any CPU.ActiveCfg = Release|Any CPU
		{1BC60395-2239-49CD-8C87-59AE766F8FA1}.Release|Any CPU.Build.0 = Release|Any CPU
		{E9F95FD7-39C1-4406-AA99-123DD42F4671}.Debug|Any CPU.ActiveCfg = Debug|Any CPU
		{E9F95FD7-39C1-4406-AA99-123DD42F4671}.Debug|Any CPU.Build.0 = Debug|Any CPU
		{E9F95FD7-39C1-4406-AA99-123DD42F4671}.Release|Any CPU.ActiveCfg = Release|Any CPU
		{E9F95FD7-39C1-4406-AA99-123DD42F4671}.Release|Any CPU.Build.0 = Release|Any CPU
	EndGlobalSection
	GlobalSection(SolutionProperties) = preSolution
		HideSolutionNode = FALSE
	EndGlobalSection
	GlobalSection(ExtensibilityGlobals) = postSolution
		SolutionGuid = {1F407362-2C91-46F9-B1AF-9DFA17DAD56F}
	EndGlobalSection
EndGlobal
